// !$*UTF8*$!
{
	archiveVersion = 1;
	classes = {
	};
	objectVersion = 56;
	objects = {

/* Begin PBXBuildFile section */
		0D7396B42AB7974C0051DDB4 /* Assets.xcassets in Resources */ = {isa = PBXBuildFile; fileRef = 0D7396B32AB7974C0051DDB4 /* Assets.xcassets */; };
		0D7396B62AB7B4490051DDB4 /* SettingsView.swift in Sources */ = {isa = PBXBuildFile; fileRef = 0D7396B52AB7B4490051DDB4 /* SettingsView.swift */; };
		2D9D131B2AB096B300B85540 /* LearningView.swift in Sources */ = {isa = PBXBuildFile; fileRef = 2D9D131A2AB096B300B85540 /* LearningView.swift */; };
		2D9D131D2AB0A23200B85540 /* DatabasePage1.swift in Sources */ = {isa = PBXBuildFile; fileRef = 2D9D131C2AB0A23200B85540 /* DatabasePage1.swift */; };
		2D9D131F2AB0BEF900B85540 /* LoadBalancerPage1.swift in Sources */ = {isa = PBXBuildFile; fileRef = 2D9D131E2AB0BEF900B85540 /* LoadBalancerPage1.swift */; };
		2D9D13212AB0BF5B00B85540 /* CachingPage1.swift in Sources */ = {isa = PBXBuildFile; fileRef = 2D9D13202AB0BF5B00B85540 /* CachingPage1.swift */; };
		2D9D13252AB0D63300B85540 /* LoginView.swift in Sources */ = {isa = PBXBuildFile; fileRef = 2D9D13242AB0D63300B85540 /* LoginView.swift */; };
		2D9D13272AB0D65100B85540 /* RegistrationView.swift in Sources */ = {isa = PBXBuildFile; fileRef = 2D9D13262AB0D65100B85540 /* RegistrationView.swift */; };
		2D9D132A2AB0D85400B85540 /* FirebaseAnalytics in Frameworks */ = {isa = PBXBuildFile; productRef = 2D9D13292AB0D85400B85540 /* FirebaseAnalytics */; };
		2D9D132C2AB0D85400B85540 /* FirebaseAnalyticsOnDeviceConversion in Frameworks */ = {isa = PBXBuildFile; productRef = 2D9D132B2AB0D85400B85540 /* FirebaseAnalyticsOnDeviceConversion */; };
		2D9D132E2AB0D85400B85540 /* FirebaseAnalyticsSwift in Frameworks */ = {isa = PBXBuildFile; productRef = 2D9D132D2AB0D85400B85540 /* FirebaseAnalyticsSwift */; };
		2D9D13302AB0D85400B85540 /* FirebaseAnalyticsWithoutAdIdSupport in Frameworks */ = {isa = PBXBuildFile; productRef = 2D9D132F2AB0D85400B85540 /* FirebaseAnalyticsWithoutAdIdSupport */; };
		2D9D13322AB0D85400B85540 /* FirebaseAppCheck in Frameworks */ = {isa = PBXBuildFile; productRef = 2D9D13312AB0D85400B85540 /* FirebaseAppCheck */; };
		2D9D13342AB0D85400B85540 /* FirebaseAppDistribution-Beta in Frameworks */ = {isa = PBXBuildFile; productRef = 2D9D13332AB0D85400B85540 /* FirebaseAppDistribution-Beta */; };
		2D9D13362AB0D85400B85540 /* FirebaseAuth in Frameworks */ = {isa = PBXBuildFile; productRef = 2D9D13352AB0D85400B85540 /* FirebaseAuth */; };
		2D9D13382AB0D85400B85540 /* FirebaseAuthCombine-Community in Frameworks */ = {isa = PBXBuildFile; productRef = 2D9D13372AB0D85400B85540 /* FirebaseAuthCombine-Community */; };
		2D9D133A2AB0D85400B85540 /* FirebaseCrashlytics in Frameworks */ = {isa = PBXBuildFile; productRef = 2D9D13392AB0D85400B85540 /* FirebaseCrashlytics */; };
		2D9D133C2AB0D85400B85540 /* FirebaseDatabase in Frameworks */ = {isa = PBXBuildFile; productRef = 2D9D133B2AB0D85400B85540 /* FirebaseDatabase */; };
		2D9D133E2AB0D85400B85540 /* FirebaseDatabaseSwift in Frameworks */ = {isa = PBXBuildFile; productRef = 2D9D133D2AB0D85400B85540 /* FirebaseDatabaseSwift */; };
		2D9D13402AB0D85400B85540 /* FirebaseDynamicLinks in Frameworks */ = {isa = PBXBuildFile; productRef = 2D9D133F2AB0D85400B85540 /* FirebaseDynamicLinks */; };
		2D9D13422AB0D85400B85540 /* FirebaseFirestore in Frameworks */ = {isa = PBXBuildFile; productRef = 2D9D13412AB0D85400B85540 /* FirebaseFirestore */; };
		2D9D13442AB0D85400B85540 /* FirebaseFirestoreCombine-Community in Frameworks */ = {isa = PBXBuildFile; productRef = 2D9D13432AB0D85400B85540 /* FirebaseFirestoreCombine-Community */; };
		2D9D13462AB0D85400B85540 /* FirebaseFirestoreSwift in Frameworks */ = {isa = PBXBuildFile; productRef = 2D9D13452AB0D85400B85540 /* FirebaseFirestoreSwift */; };
		2D9D13482AB0D85400B85540 /* FirebaseFunctions in Frameworks */ = {isa = PBXBuildFile; productRef = 2D9D13472AB0D85400B85540 /* FirebaseFunctions */; };
		2D9D134A2AB0D85400B85540 /* FirebaseFunctionsCombine-Community in Frameworks */ = {isa = PBXBuildFile; productRef = 2D9D13492AB0D85400B85540 /* FirebaseFunctionsCombine-Community */; };
		2D9D134C2AB0D85400B85540 /* FirebaseInAppMessaging-Beta in Frameworks */ = {isa = PBXBuildFile; productRef = 2D9D134B2AB0D85400B85540 /* FirebaseInAppMessaging-Beta */; };
		2D9D134E2AB0D85400B85540 /* FirebaseInAppMessagingSwift-Beta in Frameworks */ = {isa = PBXBuildFile; productRef = 2D9D134D2AB0D85400B85540 /* FirebaseInAppMessagingSwift-Beta */; };
		2D9D13502AB0D85400B85540 /* FirebaseInstallations in Frameworks */ = {isa = PBXBuildFile; productRef = 2D9D134F2AB0D85400B85540 /* FirebaseInstallations */; };
		2D9D13522AB0D85400B85540 /* FirebaseMLModelDownloader in Frameworks */ = {isa = PBXBuildFile; productRef = 2D9D13512AB0D85400B85540 /* FirebaseMLModelDownloader */; };
		2D9D13542AB0D85400B85540 /* FirebaseMessaging in Frameworks */ = {isa = PBXBuildFile; productRef = 2D9D13532AB0D85400B85540 /* FirebaseMessaging */; };
		2D9D13562AB0D85400B85540 /* FirebasePerformance in Frameworks */ = {isa = PBXBuildFile; productRef = 2D9D13552AB0D85400B85540 /* FirebasePerformance */; };
		2D9D13582AB0D85400B85540 /* FirebaseRemoteConfig in Frameworks */ = {isa = PBXBuildFile; productRef = 2D9D13572AB0D85400B85540 /* FirebaseRemoteConfig */; };
		2D9D135A2AB0D85400B85540 /* FirebaseRemoteConfigSwift in Frameworks */ = {isa = PBXBuildFile; productRef = 2D9D13592AB0D85400B85540 /* FirebaseRemoteConfigSwift */; };
		2D9D135C2AB0D85400B85540 /* FirebaseStorage in Frameworks */ = {isa = PBXBuildFile; productRef = 2D9D135B2AB0D85400B85540 /* FirebaseStorage */; };
		2D9D135E2AB0D85400B85540 /* FirebaseStorageCombine-Community in Frameworks */ = {isa = PBXBuildFile; productRef = 2D9D135D2AB0D85400B85540 /* FirebaseStorageCombine-Community */; };
		2D9D13602AB0D90100B85540 /* FirestoreManager.swift in Sources */ = {isa = PBXBuildFile; fileRef = 2D9D135F2AB0D90100B85540 /* FirestoreManager.swift */; };
		2D9D13622AB0DABB00B85540 /* GoogleService-Info.plist in Resources */ = {isa = PBXBuildFile; fileRef = 2D9D13612AB0DABB00B85540 /* GoogleService-Info.plist */; };
		2DA253992AC24E4C0069360D /* MainView.swift in Sources */ = {isa = PBXBuildFile; fileRef = 2DA253982AC24E4C0069360D /* MainView.swift */; };
		2DA2539C2AC26A3D0069360D /* GoogleSignIn in Frameworks */ = {isa = PBXBuildFile; productRef = 2DA2539B2AC26A3D0069360D /* GoogleSignIn */; };
		2DA2539E2AC26A3D0069360D /* GoogleSignInSwift in Frameworks */ = {isa = PBXBuildFile; productRef = 2DA2539D2AC26A3D0069360D /* GoogleSignInSwift */; };
		2DA438862AAC085E0060A725 /* ClearApp.swift in Sources */ = {isa = PBXBuildFile; fileRef = 2DA438852AAC085E0060A725 /* ClearApp.swift */; };
		2DA438882AAC085E0060A725 /* ContentView.swift in Sources */ = {isa = PBXBuildFile; fileRef = 2DA438872AAC085E0060A725 /* ContentView.swift */; };
		2DA4388E2AAC08630060A725 /* Preview Assets.xcassets in Resources */ = {isa = PBXBuildFile; fileRef = 2DA4388D2AAC08630060A725 /* Preview Assets.xcassets */; };
		2DA438982AAC08640060A725 /* ClearTests.swift in Sources */ = {isa = PBXBuildFile; fileRef = 2DA438972AAC08640060A725 /* ClearTests.swift */; };
		2DA438A22AAC08640060A725 /* ClearUITests.swift in Sources */ = {isa = PBXBuildFile; fileRef = 2DA438A12AAC08640060A725 /* ClearUITests.swift */; };
		2DA438A42AAC08640060A725 /* ClearUITestsLaunchTests.swift in Sources */ = {isa = PBXBuildFile; fileRef = 2DA438A32AAC08640060A725 /* ClearUITestsLaunchTests.swift */; };
		2DA438B12AAC0B700060A725 /* CardView.swift in Sources */ = {isa = PBXBuildFile; fileRef = 2DA438B02AAC0B700060A725 /* CardView.swift */; };
/* End PBXBuildFile section */

/* Begin PBXContainerItemProxy section */
		2DA438942AAC08640060A725 /* PBXContainerItemProxy */ = {
			isa = PBXContainerItemProxy;
			containerPortal = 2DA4387A2AAC085E0060A725 /* Project object */;
			proxyType = 1;
			remoteGlobalIDString = 2DA438812AAC085E0060A725;
			remoteInfo = Clear;
		};
		2DA4389E2AAC08640060A725 /* PBXContainerItemProxy */ = {
			isa = PBXContainerItemProxy;
			containerPortal = 2DA4387A2AAC085E0060A725 /* Project object */;
			proxyType = 1;
			remoteGlobalIDString = 2DA438812AAC085E0060A725;
			remoteInfo = Clear;
		};
/* End PBXContainerItemProxy section */

/* Begin PBXFileReference section */
		0D7396B32AB7974C0051DDB4 /* Assets.xcassets */ = {isa = PBXFileReference; lastKnownFileType = folder.assetcatalog; path = Assets.xcassets; sourceTree = "<group>"; };
		0D7396B52AB7B4490051DDB4 /* SettingsView.swift */ = {isa = PBXFileReference; lastKnownFileType = sourcecode.swift; path = SettingsView.swift; sourceTree = "<group>"; };
		2D9D131A2AB096B300B85540 /* LearningView.swift */ = {isa = PBXFileReference; lastKnownFileType = sourcecode.swift; name = LearningView.swift; path = ../../clear/Clear/LearningView.swift; sourceTree = "<group>"; };
		2D9D131C2AB0A23200B85540 /* DatabasePage1.swift */ = {isa = PBXFileReference; lastKnownFileType = sourcecode.swift; name = DatabasePage1.swift; path = ../../clear/Clear/DatabasePage1.swift; sourceTree = "<group>"; };
		2D9D131E2AB0BEF900B85540 /* LoadBalancerPage1.swift */ = {isa = PBXFileReference; lastKnownFileType = sourcecode.swift; name = LoadBalancerPage1.swift; path = ../../clear/Clear/LoadBalancerPage1.swift; sourceTree = "<group>"; };
		2D9D13202AB0BF5B00B85540 /* CachingPage1.swift */ = {isa = PBXFileReference; lastKnownFileType = sourcecode.swift; name = CachingPage1.swift; path = ../../clear/Clear/CachingPage1.swift; sourceTree = "<group>"; };
		2D9D13242AB0D63300B85540 /* LoginView.swift */ = {isa = PBXFileReference; lastKnownFileType = sourcecode.swift; name = LoginView.swift; path = ../../clear/Clear/LoginView.swift; sourceTree = "<group>"; };
		2D9D13262AB0D65100B85540 /* RegistrationView.swift */ = {isa = PBXFileReference; lastKnownFileType = sourcecode.swift; name = RegistrationView.swift; path = ../../clear/Clear/RegistrationView.swift; sourceTree = "<group>"; };
		2D9D135F2AB0D90100B85540 /* FirestoreManager.swift */ = {isa = PBXFileReference; lastKnownFileType = sourcecode.swift; name = FirestoreManager.swift; path = ../../clear/Clear/FirestoreManager.swift; sourceTree = "<group>"; };
		2D9D13612AB0DABB00B85540 /* GoogleService-Info.plist */ = {isa = PBXFileReference; fileEncoding = 4; lastKnownFileType = text.plist.xml; name = "GoogleService-Info.plist"; path = "../../clear/Clear/GoogleService-Info.plist"; sourceTree = "<group>"; };
		2DA253982AC24E4C0069360D /* MainView.swift */ = {isa = PBXFileReference; lastKnownFileType = sourcecode.swift; path = MainView.swift; sourceTree = "<group>"; };
		2DA2539F2AC26AB80069360D /* Info.plist */ = {isa = PBXFileReference; lastKnownFileType = text.plist; path = Info.plist; sourceTree = "<group>"; };
		2DA438822AAC085E0060A725 /* Clear.app */ = {isa = PBXFileReference; explicitFileType = wrapper.application; includeInIndex = 0; path = Clear.app; sourceTree = BUILT_PRODUCTS_DIR; };
		2DA438852AAC085E0060A725 /* ClearApp.swift */ = {isa = PBXFileReference; lastKnownFileType = sourcecode.swift; path = ClearApp.swift; sourceTree = "<group>"; };
		2DA438872AAC085E0060A725 /* ContentView.swift */ = {isa = PBXFileReference; lastKnownFileType = sourcecode.swift; path = ContentView.swift; sourceTree = "<group>"; };
		2DA4388B2AAC08630060A725 /* Clear.entitlements */ = {isa = PBXFileReference; lastKnownFileType = text.plist.entitlements; path = Clear.entitlements; sourceTree = "<group>"; };
		2DA4388D2AAC08630060A725 /* Preview Assets.xcassets */ = {isa = PBXFileReference; lastKnownFileType = folder.assetcatalog; path = "Preview Assets.xcassets"; sourceTree = "<group>"; };
		2DA438932AAC08640060A725 /* ClearTests.xctest */ = {isa = PBXFileReference; explicitFileType = wrapper.cfbundle; includeInIndex = 0; path = ClearTests.xctest; sourceTree = BUILT_PRODUCTS_DIR; };
		2DA438972AAC08640060A725 /* ClearTests.swift */ = {isa = PBXFileReference; lastKnownFileType = sourcecode.swift; path = ClearTests.swift; sourceTree = "<group>"; };
		2DA4389D2AAC08640060A725 /* ClearUITests.xctest */ = {isa = PBXFileReference; explicitFileType = wrapper.cfbundle; includeInIndex = 0; path = ClearUITests.xctest; sourceTree = BUILT_PRODUCTS_DIR; };
		2DA438A12AAC08640060A725 /* ClearUITests.swift */ = {isa = PBXFileReference; lastKnownFileType = sourcecode.swift; path = ClearUITests.swift; sourceTree = "<group>"; };
		2DA438A32AAC08640060A725 /* ClearUITestsLaunchTests.swift */ = {isa = PBXFileReference; lastKnownFileType = sourcecode.swift; path = ClearUITestsLaunchTests.swift; sourceTree = "<group>"; };
		2DA438B02AAC0B700060A725 /* CardView.swift */ = {isa = PBXFileReference; lastKnownFileType = sourcecode.swift; path = CardView.swift; sourceTree = "<group>"; };
/* End PBXFileReference section */

/* Begin PBXFrameworksBuildPhase section */
		2DA4387F2AAC085E0060A725 /* Frameworks */ = {
			isa = PBXFrameworksBuildPhase;
			buildActionMask = 2147483647;
			files = (
				2D9D133C2AB0D85400B85540 /* FirebaseDatabase in Frameworks */,
				2D9D134A2AB0D85400B85540 /* FirebaseFunctionsCombine-Community in Frameworks */,
				2D9D13422AB0D85400B85540 /* FirebaseFirestore in Frameworks */,
				2D9D132E2AB0D85400B85540 /* FirebaseAnalyticsSwift in Frameworks */,
				2D9D132A2AB0D85400B85540 /* FirebaseAnalytics in Frameworks */,
				2D9D132C2AB0D85400B85540 /* FirebaseAnalyticsOnDeviceConversion in Frameworks */,
				2D9D13522AB0D85400B85540 /* FirebaseMLModelDownloader in Frameworks */,
				2DA2539E2AC26A3D0069360D /* GoogleSignInSwift in Frameworks */,
				2D9D13462AB0D85400B85540 /* FirebaseFirestoreSwift in Frameworks */,
				2D9D13322AB0D85400B85540 /* FirebaseAppCheck in Frameworks */,
				2D9D13302AB0D85400B85540 /* FirebaseAnalyticsWithoutAdIdSupport in Frameworks */,
				2D9D13362AB0D85400B85540 /* FirebaseAuth in Frameworks */,
				2D9D133A2AB0D85400B85540 /* FirebaseCrashlytics in Frameworks */,
				2D9D135A2AB0D85400B85540 /* FirebaseRemoteConfigSwift in Frameworks */,
				2DA2539C2AC26A3D0069360D /* GoogleSignIn in Frameworks */,
				2D9D134C2AB0D85400B85540 /* FirebaseInAppMessaging-Beta in Frameworks */,
				2D9D133E2AB0D85400B85540 /* FirebaseDatabaseSwift in Frameworks */,
				2D9D13482AB0D85400B85540 /* FirebaseFunctions in Frameworks */,
				2D9D135E2AB0D85400B85540 /* FirebaseStorageCombine-Community in Frameworks */,
				2D9D13582AB0D85400B85540 /* FirebaseRemoteConfig in Frameworks */,
				2D9D13342AB0D85400B85540 /* FirebaseAppDistribution-Beta in Frameworks */,
				2D9D13382AB0D85400B85540 /* FirebaseAuthCombine-Community in Frameworks */,
				2D9D13562AB0D85400B85540 /* FirebasePerformance in Frameworks */,
				2D9D134E2AB0D85400B85540 /* FirebaseInAppMessagingSwift-Beta in Frameworks */,
				2D9D135C2AB0D85400B85540 /* FirebaseStorage in Frameworks */,
				2D9D13402AB0D85400B85540 /* FirebaseDynamicLinks in Frameworks */,
				2D9D13442AB0D85400B85540 /* FirebaseFirestoreCombine-Community in Frameworks */,
				2D9D13542AB0D85400B85540 /* FirebaseMessaging in Frameworks */,
				2D9D13502AB0D85400B85540 /* FirebaseInstallations in Frameworks */,
			);
			runOnlyForDeploymentPostprocessing = 0;
		};
		2DA438902AAC08640060A725 /* Frameworks */ = {
			isa = PBXFrameworksBuildPhase;
			buildActionMask = 2147483647;
			files = (
			);
			runOnlyForDeploymentPostprocessing = 0;
		};
		2DA4389A2AAC08640060A725 /* Frameworks */ = {
			isa = PBXFrameworksBuildPhase;
			buildActionMask = 2147483647;
			files = (
			);
			runOnlyForDeploymentPostprocessing = 0;
		};
/* End PBXFrameworksBuildPhase section */

/* Begin PBXGroup section */
		0D7396B22AB792D70051DDB4 /* Frameworks */ = {
			isa = PBXGroup;
			children = (
			);
			name = Frameworks;
			sourceTree = "<group>";
		};
		2DA438792AAC085E0060A725 = {
			isa = PBXGroup;
			children = (
				2DA438842AAC085E0060A725 /* Clear */,
				2DA438962AAC08640060A725 /* ClearTests */,
				2DA438A02AAC08640060A725 /* ClearUITests */,
				2DA438832AAC085E0060A725 /* Products */,
				0D7396B22AB792D70051DDB4 /* Frameworks */,
			);
			sourceTree = "<group>";
		};
		2DA438832AAC085E0060A725 /* Products */ = {
			isa = PBXGroup;
			children = (
				2DA438822AAC085E0060A725 /* Clear.app */,
				2DA438932AAC08640060A725 /* ClearTests.xctest */,
				2DA4389D2AAC08640060A725 /* ClearUITests.xctest */,
			);
			name = Products;
			sourceTree = "<group>";
		};
		2DA438842AAC085E0060A725 /* Clear */ = {
			isa = PBXGroup;
			children = (
				2DA2539F2AC26AB80069360D /* Info.plist */,
				2D9D13612AB0DABB00B85540 /* GoogleService-Info.plist */,
				2DA438852AAC085E0060A725 /* ClearApp.swift */,
				2D9D135F2AB0D90100B85540 /* FirestoreManager.swift */,
				0D7396B32AB7974C0051DDB4 /* Assets.xcassets */,
				2DA438872AAC085E0060A725 /* ContentView.swift */,
				2DA438B02AAC0B700060A725 /* CardView.swift */,
				0D7396B52AB7B4490051DDB4 /* SettingsView.swift */,
				2D9D131A2AB096B300B85540 /* LearningView.swift */,
				2D9D13242AB0D63300B85540 /* LoginView.swift */,
				2D9D13262AB0D65100B85540 /* RegistrationView.swift */,
				2D9D131C2AB0A23200B85540 /* DatabasePage1.swift */,
				2D9D13202AB0BF5B00B85540 /* CachingPage1.swift */,
				2D9D131E2AB0BEF900B85540 /* LoadBalancerPage1.swift */,
				2DA253982AC24E4C0069360D /* MainView.swift */,
				2DA4388B2AAC08630060A725 /* Clear.entitlements */,
				2DA4388C2AAC08630060A725 /* Preview Content */,
			);
			path = Clear;
			sourceTree = "<group>";
		};
		2DA4388C2AAC08630060A725 /* Preview Content */ = {
			isa = PBXGroup;
			children = (
				2DA4388D2AAC08630060A725 /* Preview Assets.xcassets */,
			);
			path = "Preview Content";
			sourceTree = "<group>";
		};
		2DA438962AAC08640060A725 /* ClearTests */ = {
			isa = PBXGroup;
			children = (
				2DA438972AAC08640060A725 /* ClearTests.swift */,
			);
			path = ClearTests;
			sourceTree = "<group>";
		};
		2DA438A02AAC08640060A725 /* ClearUITests */ = {
			isa = PBXGroup;
			children = (
				2DA438A12AAC08640060A725 /* ClearUITests.swift */,
				2DA438A32AAC08640060A725 /* ClearUITestsLaunchTests.swift */,
			);
			path = ClearUITests;
			sourceTree = "<group>";
		};
/* End PBXGroup section */

/* Begin PBXNativeTarget section */
		2DA438812AAC085E0060A725 /* Clear */ = {
			isa = PBXNativeTarget;
			buildConfigurationList = 2DA438A72AAC08640060A725 /* Build configuration list for PBXNativeTarget "Clear" */;
			buildPhases = (
				2DA4387E2AAC085E0060A725 /* Sources */,
				2DA4387F2AAC085E0060A725 /* Frameworks */,
				2DA438802AAC085E0060A725 /* Resources */,
			);
			buildRules = (
			);
			dependencies = (
			);
			name = Clear;
			packageProductDependencies = (
				2D9D13292AB0D85400B85540 /* FirebaseAnalytics */,
				2D9D132B2AB0D85400B85540 /* FirebaseAnalyticsOnDeviceConversion */,
				2D9D132D2AB0D85400B85540 /* FirebaseAnalyticsSwift */,
				2D9D132F2AB0D85400B85540 /* FirebaseAnalyticsWithoutAdIdSupport */,
				2D9D13312AB0D85400B85540 /* FirebaseAppCheck */,
				2D9D13332AB0D85400B85540 /* FirebaseAppDistribution-Beta */,
				2D9D13352AB0D85400B85540 /* FirebaseAuth */,
				2D9D13372AB0D85400B85540 /* FirebaseAuthCombine-Community */,
				2D9D13392AB0D85400B85540 /* FirebaseCrashlytics */,
				2D9D133B2AB0D85400B85540 /* FirebaseDatabase */,
				2D9D133D2AB0D85400B85540 /* FirebaseDatabaseSwift */,
				2D9D133F2AB0D85400B85540 /* FirebaseDynamicLinks */,
				2D9D13412AB0D85400B85540 /* FirebaseFirestore */,
				2D9D13432AB0D85400B85540 /* FirebaseFirestoreCombine-Community */,
				2D9D13452AB0D85400B85540 /* FirebaseFirestoreSwift */,
				2D9D13472AB0D85400B85540 /* FirebaseFunctions */,
				2D9D13492AB0D85400B85540 /* FirebaseFunctionsCombine-Community */,
				2D9D134B2AB0D85400B85540 /* FirebaseInAppMessaging-Beta */,
				2D9D134D2AB0D85400B85540 /* FirebaseInAppMessagingSwift-Beta */,
				2D9D134F2AB0D85400B85540 /* FirebaseInstallations */,
				2D9D13512AB0D85400B85540 /* FirebaseMLModelDownloader */,
				2D9D13532AB0D85400B85540 /* FirebaseMessaging */,
				2D9D13552AB0D85400B85540 /* FirebasePerformance */,
				2D9D13572AB0D85400B85540 /* FirebaseRemoteConfig */,
				2D9D13592AB0D85400B85540 /* FirebaseRemoteConfigSwift */,
				2D9D135B2AB0D85400B85540 /* FirebaseStorage */,
				2D9D135D2AB0D85400B85540 /* FirebaseStorageCombine-Community */,
				2DA2539B2AC26A3D0069360D /* GoogleSignIn */,
				2DA2539D2AC26A3D0069360D /* GoogleSignInSwift */,
			);
			productName = Clear;
			productReference = 2DA438822AAC085E0060A725 /* Clear.app */;
			productType = "com.apple.product-type.application";
		};
		2DA438922AAC08640060A725 /* ClearTests */ = {
			isa = PBXNativeTarget;
			buildConfigurationList = 2DA438AA2AAC08640060A725 /* Build configuration list for PBXNativeTarget "ClearTests" */;
			buildPhases = (
				2DA4388F2AAC08640060A725 /* Sources */,
				2DA438902AAC08640060A725 /* Frameworks */,
				2DA438912AAC08640060A725 /* Resources */,
			);
			buildRules = (
			);
			dependencies = (
				2DA438952AAC08640060A725 /* PBXTargetDependency */,
			);
			name = ClearTests;
			productName = ClearTests;
			productReference = 2DA438932AAC08640060A725 /* ClearTests.xctest */;
			productType = "com.apple.product-type.bundle.unit-test";
		};
		2DA4389C2AAC08640060A725 /* ClearUITests */ = {
			isa = PBXNativeTarget;
			buildConfigurationList = 2DA438AD2AAC08640060A725 /* Build configuration list for PBXNativeTarget "ClearUITests" */;
			buildPhases = (
				2DA438992AAC08640060A725 /* Sources */,
				2DA4389A2AAC08640060A725 /* Frameworks */,
				2DA4389B2AAC08640060A725 /* Resources */,
			);
			buildRules = (
			);
			dependencies = (
				2DA4389F2AAC08640060A725 /* PBXTargetDependency */,
			);
			name = ClearUITests;
			productName = ClearUITests;
			productReference = 2DA4389D2AAC08640060A725 /* ClearUITests.xctest */;
			productType = "com.apple.product-type.bundle.ui-testing";
		};
/* End PBXNativeTarget section */

/* Begin PBXProject section */
		2DA4387A2AAC085E0060A725 /* Project object */ = {
			isa = PBXProject;
			attributes = {
				BuildIndependentTargetsInParallel = 1;
				LastSwiftUpdateCheck = 1420;
				LastUpgradeCheck = 1430;
				TargetAttributes = {
					2DA438812AAC085E0060A725 = {
						CreatedOnToolsVersion = 14.2;
					};
					2DA438922AAC08640060A725 = {
						CreatedOnToolsVersion = 14.2;
						TestTargetID = 2DA438812AAC085E0060A725;
					};
					2DA4389C2AAC08640060A725 = {
						CreatedOnToolsVersion = 14.2;
						TestTargetID = 2DA438812AAC085E0060A725;
					};
				};
			};
			buildConfigurationList = 2DA4387D2AAC085E0060A725 /* Build configuration list for PBXProject "Clear" */;
			compatibilityVersion = "Xcode 14.0";
			developmentRegion = en;
			hasScannedForEncodings = 0;
			knownRegions = (
				en,
				Base,
			);
			mainGroup = 2DA438792AAC085E0060A725;
			packageReferences = (
				2D9D13282AB0D85400B85540 /* XCRemoteSwiftPackageReference "firebase-ios-sdk" */,
				2DA2539A2AC26A3D0069360D /* XCRemoteSwiftPackageReference "GoogleSignIn-iOS" */,
			);
			productRefGroup = 2DA438832AAC085E0060A725 /* Products */;
			projectDirPath = "";
			projectRoot = "";
			targets = (
				2DA438812AAC085E0060A725 /* Clear */,
				2DA438922AAC08640060A725 /* ClearTests */,
				2DA4389C2AAC08640060A725 /* ClearUITests */,
			);
		};
/* End PBXProject section */

/* Begin PBXResourcesBuildPhase section */
		2DA438802AAC085E0060A725 /* Resources */ = {
			isa = PBXResourcesBuildPhase;
			buildActionMask = 2147483647;
			files = (
				2DA4388E2AAC08630060A725 /* Preview Assets.xcassets in Resources */,
				0D7396B42AB7974C0051DDB4 /* Assets.xcassets in Resources */,
				2D9D13622AB0DABB00B85540 /* GoogleService-Info.plist in Resources */,
			);
			runOnlyForDeploymentPostprocessing = 0;
		};
		2DA438912AAC08640060A725 /* Resources */ = {
			isa = PBXResourcesBuildPhase;
			buildActionMask = 2147483647;
			files = (
			);
			runOnlyForDeploymentPostprocessing = 0;
		};
		2DA4389B2AAC08640060A725 /* Resources */ = {
			isa = PBXResourcesBuildPhase;
			buildActionMask = 2147483647;
			files = (
			);
			runOnlyForDeploymentPostprocessing = 0;
		};
/* End PBXResourcesBuildPhase section */

/* Begin PBXSourcesBuildPhase section */
		2DA4387E2AAC085E0060A725 /* Sources */ = {
			isa = PBXSourcesBuildPhase;
			buildActionMask = 2147483647;
			files = (
				2D9D131B2AB096B300B85540 /* LearningView.swift in Sources */,
				2DA253992AC24E4C0069360D /* MainView.swift in Sources */,
				2D9D13602AB0D90100B85540 /* FirestoreManager.swift in Sources */,
				2DA438882AAC085E0060A725 /* ContentView.swift in Sources */,
				2D9D131F2AB0BEF900B85540 /* LoadBalancerPage1.swift in Sources */,
				2D9D13272AB0D65100B85540 /* RegistrationView.swift in Sources */,
				2D9D131D2AB0A23200B85540 /* DatabasePage1.swift in Sources */,
				2DA438B12AAC0B700060A725 /* CardView.swift in Sources */,
				2DA438862AAC085E0060A725 /* ClearApp.swift in Sources */,
				2D9D13252AB0D63300B85540 /* LoginView.swift in Sources */,
				2D9D13212AB0BF5B00B85540 /* CachingPage1.swift in Sources */,
				0D7396B62AB7B4490051DDB4 /* SettingsView.swift in Sources */,
			);
			runOnlyForDeploymentPostprocessing = 0;
		};
		2DA4388F2AAC08640060A725 /* Sources */ = {
			isa = PBXSourcesBuildPhase;
			buildActionMask = 2147483647;
			files = (
				2DA438982AAC08640060A725 /* ClearTests.swift in Sources */,
			);
			runOnlyForDeploymentPostprocessing = 0;
		};
		2DA438992AAC08640060A725 /* Sources */ = {
			isa = PBXSourcesBuildPhase;
			buildActionMask = 2147483647;
			files = (
				2DA438A42AAC08640060A725 /* ClearUITestsLaunchTests.swift in Sources */,
				2DA438A22AAC08640060A725 /* ClearUITests.swift in Sources */,
			);
			runOnlyForDeploymentPostprocessing = 0;
		};
/* End PBXSourcesBuildPhase section */

/* Begin PBXTargetDependency section */
		2DA438952AAC08640060A725 /* PBXTargetDependency */ = {
			isa = PBXTargetDependency;
			target = 2DA438812AAC085E0060A725 /* Clear */;
			targetProxy = 2DA438942AAC08640060A725 /* PBXContainerItemProxy */;
		};
		2DA4389F2AAC08640060A725 /* PBXTargetDependency */ = {
			isa = PBXTargetDependency;
			target = 2DA438812AAC085E0060A725 /* Clear */;
			targetProxy = 2DA4389E2AAC08640060A725 /* PBXContainerItemProxy */;
		};
/* End PBXTargetDependency section */

/* Begin XCBuildConfiguration section */
		2DA438A52AAC08640060A725 /* Debug */ = {
			isa = XCBuildConfiguration;
			buildSettings = {
				ALWAYS_SEARCH_USER_PATHS = NO;
				CLANG_ANALYZER_NONNULL = YES;
				CLANG_ANALYZER_NUMBER_OBJECT_CONVERSION = YES_AGGRESSIVE;
				CLANG_CXX_LANGUAGE_STANDARD = "gnu++20";
				CLANG_ENABLE_MODULES = YES;
				CLANG_ENABLE_OBJC_ARC = YES;
				CLANG_ENABLE_OBJC_WEAK = YES;
				CLANG_WARN_BLOCK_CAPTURE_AUTORELEASING = YES;
				CLANG_WARN_BOOL_CONVERSION = YES;
				CLANG_WARN_COMMA = YES;
				CLANG_WARN_CONSTANT_CONVERSION = YES;
				CLANG_WARN_DEPRECATED_OBJC_IMPLEMENTATIONS = YES;
				CLANG_WARN_DIRECT_OBJC_ISA_USAGE = YES_ERROR;
				CLANG_WARN_DOCUMENTATION_COMMENTS = YES;
				CLANG_WARN_EMPTY_BODY = YES;
				CLANG_WARN_ENUM_CONVERSION = YES;
				CLANG_WARN_INFINITE_RECURSION = YES;
				CLANG_WARN_INT_CONVERSION = YES;
				CLANG_WARN_NON_LITERAL_NULL_CONVERSION = YES;
				CLANG_WARN_OBJC_IMPLICIT_RETAIN_SELF = YES;
				CLANG_WARN_OBJC_LITERAL_CONVERSION = YES;
				CLANG_WARN_OBJC_ROOT_CLASS = YES_ERROR;
				CLANG_WARN_QUOTED_INCLUDE_IN_FRAMEWORK_HEADER = YES;
				CLANG_WARN_RANGE_LOOP_ANALYSIS = YES;
				CLANG_WARN_STRICT_PROTOTYPES = YES;
				CLANG_WARN_SUSPICIOUS_MOVE = YES;
				CLANG_WARN_UNGUARDED_AVAILABILITY = YES_AGGRESSIVE;
				CLANG_WARN_UNREACHABLE_CODE = YES;
				CLANG_WARN__DUPLICATE_METHOD_MATCH = YES;
				COPY_PHASE_STRIP = NO;
				DEAD_CODE_STRIPPING = YES;
				DEBUG_INFORMATION_FORMAT = dwarf;
				ENABLE_STRICT_OBJC_MSGSEND = YES;
				ENABLE_TESTABILITY = YES;
				GCC_C_LANGUAGE_STANDARD = gnu11;
				GCC_DYNAMIC_NO_PIC = NO;
				GCC_NO_COMMON_BLOCKS = YES;
				GCC_OPTIMIZATION_LEVEL = 0;
				GCC_PREPROCESSOR_DEFINITIONS = (
					"DEBUG=1",
					"$(inherited)",
				);
				GCC_WARN_64_TO_32_BIT_CONVERSION = YES;
				GCC_WARN_ABOUT_RETURN_TYPE = YES_ERROR;
				GCC_WARN_UNDECLARED_SELECTOR = YES;
				GCC_WARN_UNINITIALIZED_AUTOS = YES_AGGRESSIVE;
				GCC_WARN_UNUSED_FUNCTION = YES;
				GCC_WARN_UNUSED_VARIABLE = YES;
				MTL_ENABLE_DEBUG_INFO = INCLUDE_SOURCE;
				MTL_FAST_MATH = YES;
				ONLY_ACTIVE_ARCH = YES;
				SWIFT_ACTIVE_COMPILATION_CONDITIONS = DEBUG;
				SWIFT_OPTIMIZATION_LEVEL = "-Onone";
			};
			name = Debug;
		};
		2DA438A62AAC08640060A725 /* Release */ = {
			isa = XCBuildConfiguration;
			buildSettings = {
				ALWAYS_SEARCH_USER_PATHS = NO;
				CLANG_ANALYZER_NONNULL = YES;
				CLANG_ANALYZER_NUMBER_OBJECT_CONVERSION = YES_AGGRESSIVE;
				CLANG_CXX_LANGUAGE_STANDARD = "gnu++20";
				CLANG_ENABLE_MODULES = YES;
				CLANG_ENABLE_OBJC_ARC = YES;
				CLANG_ENABLE_OBJC_WEAK = YES;
				CLANG_WARN_BLOCK_CAPTURE_AUTORELEASING = YES;
				CLANG_WARN_BOOL_CONVERSION = YES;
				CLANG_WARN_COMMA = YES;
				CLANG_WARN_CONSTANT_CONVERSION = YES;
				CLANG_WARN_DEPRECATED_OBJC_IMPLEMENTATIONS = YES;
				CLANG_WARN_DIRECT_OBJC_ISA_USAGE = YES_ERROR;
				CLANG_WARN_DOCUMENTATION_COMMENTS = YES;
				CLANG_WARN_EMPTY_BODY = YES;
				CLANG_WARN_ENUM_CONVERSION = YES;
				CLANG_WARN_INFINITE_RECURSION = YES;
				CLANG_WARN_INT_CONVERSION = YES;
				CLANG_WARN_NON_LITERAL_NULL_CONVERSION = YES;
				CLANG_WARN_OBJC_IMPLICIT_RETAIN_SELF = YES;
				CLANG_WARN_OBJC_LITERAL_CONVERSION = YES;
				CLANG_WARN_OBJC_ROOT_CLASS = YES_ERROR;
				CLANG_WARN_QUOTED_INCLUDE_IN_FRAMEWORK_HEADER = YES;
				CLANG_WARN_RANGE_LOOP_ANALYSIS = YES;
				CLANG_WARN_STRICT_PROTOTYPES = YES;
				CLANG_WARN_SUSPICIOUS_MOVE = YES;
				CLANG_WARN_UNGUARDED_AVAILABILITY = YES_AGGRESSIVE;
				CLANG_WARN_UNREACHABLE_CODE = YES;
				CLANG_WARN__DUPLICATE_METHOD_MATCH = YES;
				COPY_PHASE_STRIP = NO;
				DEAD_CODE_STRIPPING = YES;
				DEBUG_INFORMATION_FORMAT = "dwarf-with-dsym";
				ENABLE_NS_ASSERTIONS = NO;
				ENABLE_STRICT_OBJC_MSGSEND = YES;
				GCC_C_LANGUAGE_STANDARD = gnu11;
				GCC_NO_COMMON_BLOCKS = YES;
				GCC_WARN_64_TO_32_BIT_CONVERSION = YES;
				GCC_WARN_ABOUT_RETURN_TYPE = YES_ERROR;
				GCC_WARN_UNDECLARED_SELECTOR = YES;
				GCC_WARN_UNINITIALIZED_AUTOS = YES_AGGRESSIVE;
				GCC_WARN_UNUSED_FUNCTION = YES;
				GCC_WARN_UNUSED_VARIABLE = YES;
				MTL_ENABLE_DEBUG_INFO = NO;
				MTL_FAST_MATH = YES;
				SWIFT_COMPILATION_MODE = wholemodule;
				SWIFT_OPTIMIZATION_LEVEL = "-O";
			};
			name = Release;
		};
		2DA438A82AAC08640060A725 /* Debug */ = {
			isa = XCBuildConfiguration;
			buildSettings = {
				ASSETCATALOG_COMPILER_APPICON_NAME = AppIcon;
				ASSETCATALOG_COMPILER_GLOBAL_ACCENT_COLOR_NAME = AccentColor;
				CODE_SIGN_ENTITLEMENTS = Clear/Clear.entitlements;
				CODE_SIGN_STYLE = Automatic;
				CURRENT_PROJECT_VERSION = 1;
				DEAD_CODE_STRIPPING = YES;
				DEVELOPMENT_ASSET_PATHS = "\"Clear/Preview Content\"";
				DEVELOPMENT_TEAM = 8233RNDRNJ;
				ENABLE_HARDENED_RUNTIME = YES;
				ENABLE_PREVIEWS = YES;
				GENERATE_INFOPLIST_FILE = YES;
				INFOPLIST_FILE = Clear/Info.plist;
				"INFOPLIST_KEY_UIApplicationSceneManifest_Generation[sdk=iphoneos*]" = YES;
				"INFOPLIST_KEY_UIApplicationSceneManifest_Generation[sdk=iphonesimulator*]" = YES;
				"INFOPLIST_KEY_UIApplicationSupportsIndirectInputEvents[sdk=iphoneos*]" = YES;
				"INFOPLIST_KEY_UIApplicationSupportsIndirectInputEvents[sdk=iphonesimulator*]" = YES;
				"INFOPLIST_KEY_UILaunchScreen_Generation[sdk=iphoneos*]" = YES;
				"INFOPLIST_KEY_UILaunchScreen_Generation[sdk=iphonesimulator*]" = YES;
				"INFOPLIST_KEY_UIStatusBarStyle[sdk=iphoneos*]" = UIStatusBarStyleDefault;
				"INFOPLIST_KEY_UIStatusBarStyle[sdk=iphonesimulator*]" = UIStatusBarStyleDefault;
				INFOPLIST_KEY_UISupportedInterfaceOrientations_iPad = "UIInterfaceOrientationPortrait UIInterfaceOrientationPortraitUpsideDown UIInterfaceOrientationLandscapeLeft UIInterfaceOrientationLandscapeRight";
				INFOPLIST_KEY_UISupportedInterfaceOrientations_iPhone = "UIInterfaceOrientationPortrait UIInterfaceOrientationLandscapeLeft UIInterfaceOrientationLandscapeRight";
				IPHONEOS_DEPLOYMENT_TARGET = 16.2;
				LD_RUNPATH_SEARCH_PATHS = "@executable_path/Frameworks";
				"LD_RUNPATH_SEARCH_PATHS[sdk=macosx*]" = "@executable_path/../Frameworks";
				MACOSX_DEPLOYMENT_TARGET = 12.6;
				MARKETING_VERSION = 1.0;
				PRODUCT_BUNDLE_IDENTIFIER = com.chrono.Clear;
				PRODUCT_NAME = "$(TARGET_NAME)";
				SDKROOT = auto;
				SUPPORTED_PLATFORMS = "iphoneos iphonesimulator macosx";
				SWIFT_EMIT_LOC_STRINGS = YES;
				SWIFT_VERSION = 5.0;
				TARGETED_DEVICE_FAMILY = "1,2";
			};
			name = Debug;
		};
		2DA438A92AAC08640060A725 /* Release */ = {
			isa = XCBuildConfiguration;
			buildSettings = {
				ASSETCATALOG_COMPILER_APPICON_NAME = AppIcon;
				ASSETCATALOG_COMPILER_GLOBAL_ACCENT_COLOR_NAME = AccentColor;
				CODE_SIGN_ENTITLEMENTS = Clear/Clear.entitlements;
				CODE_SIGN_STYLE = Automatic;
				CURRENT_PROJECT_VERSION = 1;
				DEAD_CODE_STRIPPING = YES;
				DEVELOPMENT_ASSET_PATHS = "\"Clear/Preview Content\"";
				DEVELOPMENT_TEAM = 8233RNDRNJ;
				ENABLE_HARDENED_RUNTIME = YES;
				ENABLE_PREVIEWS = YES;
				GENERATE_INFOPLIST_FILE = YES;
				INFOPLIST_FILE = Clear/Info.plist;
				"INFOPLIST_KEY_UIApplicationSceneManifest_Generation[sdk=iphoneos*]" = YES;
				"INFOPLIST_KEY_UIApplicationSceneManifest_Generation[sdk=iphonesimulator*]" = YES;
				"INFOPLIST_KEY_UIApplicationSupportsIndirectInputEvents[sdk=iphoneos*]" = YES;
				"INFOPLIST_KEY_UIApplicationSupportsIndirectInputEvents[sdk=iphonesimulator*]" = YES;
				"INFOPLIST_KEY_UILaunchScreen_Generation[sdk=iphoneos*]" = YES;
				"INFOPLIST_KEY_UILaunchScreen_Generation[sdk=iphonesimulator*]" = YES;
				"INFOPLIST_KEY_UIStatusBarStyle[sdk=iphoneos*]" = UIStatusBarStyleDefault;
				"INFOPLIST_KEY_UIStatusBarStyle[sdk=iphonesimulator*]" = UIStatusBarStyleDefault;
				INFOPLIST_KEY_UISupportedInterfaceOrientations_iPad = "UIInterfaceOrientationPortrait UIInterfaceOrientationPortraitUpsideDown UIInterfaceOrientationLandscapeLeft UIInterfaceOrientationLandscapeRight";
				INFOPLIST_KEY_UISupportedInterfaceOrientations_iPhone = "UIInterfaceOrientationPortrait UIInterfaceOrientationLandscapeLeft UIInterfaceOrientationLandscapeRight";
				IPHONEOS_DEPLOYMENT_TARGET = 16.2;
				LD_RUNPATH_SEARCH_PATHS = "@executable_path/Frameworks";
				"LD_RUNPATH_SEARCH_PATHS[sdk=macosx*]" = "@executable_path/../Frameworks";
				MACOSX_DEPLOYMENT_TARGET = 12.6;
				MARKETING_VERSION = 1.0;
				PRODUCT_BUNDLE_IDENTIFIER = com.chrono.Clear;
				PRODUCT_NAME = "$(TARGET_NAME)";
				SDKROOT = auto;
				SUPPORTED_PLATFORMS = "iphoneos iphonesimulator macosx";
				SWIFT_EMIT_LOC_STRINGS = YES;
				SWIFT_VERSION = 5.0;
				TARGETED_DEVICE_FAMILY = "1,2";
			};
			name = Release;
		};
		2DA438AB2AAC08640060A725 /* Debug */ = {
			isa = XCBuildConfiguration;
			buildSettings = {
				ALWAYS_EMBED_SWIFT_STANDARD_LIBRARIES = YES;
				BUNDLE_LOADER = "$(TEST_HOST)";
				CODE_SIGN_STYLE = Automatic;
				CURRENT_PROJECT_VERSION = 1;
				DEAD_CODE_STRIPPING = YES;
				DEVELOPMENT_TEAM = 8233RNDRNJ;
				GENERATE_INFOPLIST_FILE = YES;
				IPHONEOS_DEPLOYMENT_TARGET = 16.2;
				MACOSX_DEPLOYMENT_TARGET = 12.6;
				MARKETING_VERSION = 1.0;
				PRODUCT_BUNDLE_IDENTIFIER = com.chrono.ClearTests;
				PRODUCT_NAME = "$(TARGET_NAME)";
				SDKROOT = auto;
				SUPPORTED_PLATFORMS = "iphoneos iphonesimulator macosx";
				SWIFT_EMIT_LOC_STRINGS = NO;
				SWIFT_VERSION = 5.0;
				TARGETED_DEVICE_FAMILY = "1,2";
				TEST_HOST = "$(BUILT_PRODUCTS_DIR)/Clear.app/$(BUNDLE_EXECUTABLE_FOLDER_PATH)/Clear";
			};
			name = Debug;
		};
		2DA438AC2AAC08640060A725 /* Release */ = {
			isa = XCBuildConfiguration;
			buildSettings = {
				ALWAYS_EMBED_SWIFT_STANDARD_LIBRARIES = YES;
				BUNDLE_LOADER = "$(TEST_HOST)";
				CODE_SIGN_STYLE = Automatic;
				CURRENT_PROJECT_VERSION = 1;
				DEAD_CODE_STRIPPING = YES;
				DEVELOPMENT_TEAM = 8233RNDRNJ;
				GENERATE_INFOPLIST_FILE = YES;
				IPHONEOS_DEPLOYMENT_TARGET = 16.2;
				MACOSX_DEPLOYMENT_TARGET = 12.6;
				MARKETING_VERSION = 1.0;
				PRODUCT_BUNDLE_IDENTIFIER = com.chrono.ClearTests;
				PRODUCT_NAME = "$(TARGET_NAME)";
				SDKROOT = auto;
				SUPPORTED_PLATFORMS = "iphoneos iphonesimulator macosx";
				SWIFT_EMIT_LOC_STRINGS = NO;
				SWIFT_VERSION = 5.0;
				TARGETED_DEVICE_FAMILY = "1,2";
				TEST_HOST = "$(BUILT_PRODUCTS_DIR)/Clear.app/$(BUNDLE_EXECUTABLE_FOLDER_PATH)/Clear";
			};
			name = Release;
		};
		2DA438AE2AAC08640060A725 /* Debug */ = {
			isa = XCBuildConfiguration;
			buildSettings = {
				ALWAYS_EMBED_SWIFT_STANDARD_LIBRARIES = YES;
				CODE_SIGN_STYLE = Automatic;
				CURRENT_PROJECT_VERSION = 1;
				DEAD_CODE_STRIPPING = YES;
				DEVELOPMENT_TEAM = 8233RNDRNJ;
				GENERATE_INFOPLIST_FILE = YES;
				IPHONEOS_DEPLOYMENT_TARGET = 16.2;
				MACOSX_DEPLOYMENT_TARGET = 12.6;
				MARKETING_VERSION = 1.0;
				PRODUCT_BUNDLE_IDENTIFIER = com.chrono.ClearUITests;
				PRODUCT_NAME = "$(TARGET_NAME)";
				SDKROOT = auto;
				SUPPORTED_PLATFORMS = "iphoneos iphonesimulator macosx";
				SWIFT_EMIT_LOC_STRINGS = NO;
				SWIFT_VERSION = 5.0;
				TARGETED_DEVICE_FAMILY = "1,2";
				TEST_TARGET_NAME = Clear;
			};
			name = Debug;
		};
		2DA438AF2AAC08640060A725 /* Release */ = {
			isa = XCBuildConfiguration;
			buildSettings = {
				ALWAYS_EMBED_SWIFT_STANDARD_LIBRARIES = YES;
				CODE_SIGN_STYLE = Automatic;
				CURRENT_PROJECT_VERSION = 1;
				DEAD_CODE_STRIPPING = YES;
				DEVELOPMENT_TEAM = 8233RNDRNJ;
				GENERATE_INFOPLIST_FILE = YES;
				IPHONEOS_DEPLOYMENT_TARGET = 16.2;
				MACOSX_DEPLOYMENT_TARGET = 12.6;
				MARKETING_VERSION = 1.0;
				PRODUCT_BUNDLE_IDENTIFIER = com.chrono.ClearUITests;
				PRODUCT_NAME = "$(TARGET_NAME)";
				SDKROOT = auto;
				SUPPORTED_PLATFORMS = "iphoneos iphonesimulator macosx";
				SWIFT_EMIT_LOC_STRINGS = NO;
				SWIFT_VERSION = 5.0;
				TARGETED_DEVICE_FAMILY = "1,2";
				TEST_TARGET_NAME = Clear;
			};
			name = Release;
		};
/* End XCBuildConfiguration section */

/* Begin XCConfigurationList section */
		2DA4387D2AAC085E0060A725 /* Build configuration list for PBXProject "Clear" */ = {
			isa = XCConfigurationList;
			buildConfigurations = (
				2DA438A52AAC08640060A725 /* Debug */,
				2DA438A62AAC08640060A725 /* Release */,
			);
			defaultConfigurationIsVisible = 0;
			defaultConfigurationName = Release;
		};
		2DA438A72AAC08640060A725 /* Build configuration list for PBXNativeTarget "Clear" */ = {
			isa = XCConfigurationList;
			buildConfigurations = (
				2DA438A82AAC08640060A725 /* Debug */,
				2DA438A92AAC08640060A725 /* Release */,
			);
			defaultConfigurationIsVisible = 0;
			defaultConfigurationName = Release;
		};
		2DA438AA2AAC08640060A725 /* Build configuration list for PBXNativeTarget "ClearTests" */ = {
			isa = XCConfigurationList;
			buildConfigurations = (
				2DA438AB2AAC08640060A725 /* Debug */,
				2DA438AC2AAC08640060A725 /* Release */,
			);
			defaultConfigurationIsVisible = 0;
			defaultConfigurationName = Release;
		};
		2DA438AD2AAC08640060A725 /* Build configuration list for PBXNativeTarget "ClearUITests" */ = {
			isa = XCConfigurationList;
			buildConfigurations = (
				2DA438AE2AAC08640060A725 /* Debug */,
				2DA438AF2AAC08640060A725 /* Release */,
			);
			defaultConfigurationIsVisible = 0;
			defaultConfigurationName = Release;
		};
/* End XCConfigurationList section */

/* Begin XCRemoteSwiftPackageReference section */
		2D9D13282AB0D85400B85540 /* XCRemoteSwiftPackageReference "firebase-ios-sdk" */ = {
			isa = XCRemoteSwiftPackageReference;
			repositoryURL = "https://github.com/firebase/firebase-ios-sdk";
			requirement = {
				branch = master;
				kind = branch;
			};
		};
		2DA2539A2AC26A3D0069360D /* XCRemoteSwiftPackageReference "GoogleSignIn-iOS" */ = {
			isa = XCRemoteSwiftPackageReference;
			repositoryURL = "https://github.com/google/GoogleSignIn-iOS";
			requirement = {
				kind = upToNextMajorVersion;
				minimumVersion = 7.0.0;
			};
		};
/* End XCRemoteSwiftPackageReference section */

/* Begin XCSwiftPackageProductDependency section */
		2D9D13292AB0D85400B85540 /* FirebaseAnalytics */ = {
			isa = XCSwiftPackageProductDependency;
			package = 2D9D13282AB0D85400B85540 /* XCRemoteSwiftPackageReference "firebase-ios-sdk" */;
			productName = FirebaseAnalytics;
		};
		2D9D132B2AB0D85400B85540 /* FirebaseAnalyticsOnDeviceConversion */ = {
			isa = XCSwiftPackageProductDependency;
			package = 2D9D13282AB0D85400B85540 /* XCRemoteSwiftPackageReference "firebase-ios-sdk" */;
			productName = FirebaseAnalyticsOnDeviceConversion;
		};
		2D9D132D2AB0D85400B85540 /* FirebaseAnalyticsSwift */ = {
			isa = XCSwiftPackageProductDependency;
			package = 2D9D13282AB0D85400B85540 /* XCRemoteSwiftPackageReference "firebase-ios-sdk" */;
			productName = FirebaseAnalyticsSwift;
		};
		2D9D132F2AB0D85400B85540 /* FirebaseAnalyticsWithoutAdIdSupport */ = {
			isa = XCSwiftPackageProductDependency;
			package = 2D9D13282AB0D85400B85540 /* XCRemoteSwiftPackageReference "firebase-ios-sdk" */;
			productName = FirebaseAnalyticsWithoutAdIdSupport;
		};
		2D9D13312AB0D85400B85540 /* FirebaseAppCheck */ = {
			isa = XCSwiftPackageProductDependency;
			package = 2D9D13282AB0D85400B85540 /* XCRemoteSwiftPackageReference "firebase-ios-sdk" */;
			productName = FirebaseAppCheck;
		};
		2D9D13332AB0D85400B85540 /* FirebaseAppDistribution-Beta */ = {
			isa = XCSwiftPackageProductDependency;
			package = 2D9D13282AB0D85400B85540 /* XCRemoteSwiftPackageReference "firebase-ios-sdk" */;
			productName = "FirebaseAppDistribution-Beta";
		};
		2D9D13352AB0D85400B85540 /* FirebaseAuth */ = {
			isa = XCSwiftPackageProductDependency;
			package = 2D9D13282AB0D85400B85540 /* XCRemoteSwiftPackageReference "firebase-ios-sdk" */;
			productName = FirebaseAuth;
		};
		2D9D13372AB0D85400B85540 /* FirebaseAuthCombine-Community */ = {
			isa = XCSwiftPackageProductDependency;
			package = 2D9D13282AB0D85400B85540 /* XCRemoteSwiftPackageReference "firebase-ios-sdk" */;
			productName = "FirebaseAuthCombine-Community";
		};
		2D9D13392AB0D85400B85540 /* FirebaseCrashlytics */ = {
			isa = XCSwiftPackageProductDependency;
			package = 2D9D13282AB0D85400B85540 /* XCRemoteSwiftPackageReference "firebase-ios-sdk" */;
			productName = FirebaseCrashlytics;
		};
		2D9D133B2AB0D85400B85540 /* FirebaseDatabase */ = {
			isa = XCSwiftPackageProductDependency;
			package = 2D9D13282AB0D85400B85540 /* XCRemoteSwiftPackageReference "firebase-ios-sdk" */;
			productName = FirebaseDatabase;
		};
		2D9D133D2AB0D85400B85540 /* FirebaseDatabaseSwift */ = {
			isa = XCSwiftPackageProductDependency;
			package = 2D9D13282AB0D85400B85540 /* XCRemoteSwiftPackageReference "firebase-ios-sdk" */;
			productName = FirebaseDatabaseSwift;
		};
		2D9D133F2AB0D85400B85540 /* FirebaseDynamicLinks */ = {
			isa = XCSwiftPackageProductDependency;
			package = 2D9D13282AB0D85400B85540 /* XCRemoteSwiftPackageReference "firebase-ios-sdk" */;
			productName = FirebaseDynamicLinks;
		};
		2D9D13412AB0D85400B85540 /* FirebaseFirestore */ = {
			isa = XCSwiftPackageProductDependency;
			package = 2D9D13282AB0D85400B85540 /* XCRemoteSwiftPackageReference "firebase-ios-sdk" */;
			productName = FirebaseFirestore;
		};
		2D9D13432AB0D85400B85540 /* FirebaseFirestoreCombine-Community */ = {
			isa = XCSwiftPackageProductDependency;
			package = 2D9D13282AB0D85400B85540 /* XCRemoteSwiftPackageReference "firebase-ios-sdk" */;
			productName = "FirebaseFirestoreCombine-Community";
		};
		2D9D13452AB0D85400B85540 /* FirebaseFirestoreSwift */ = {
			isa = XCSwiftPackageProductDependency;
			package = 2D9D13282AB0D85400B85540 /* XCRemoteSwiftPackageReference "firebase-ios-sdk" */;
			productName = FirebaseFirestoreSwift;
		};
		2D9D13472AB0D85400B85540 /* FirebaseFunctions */ = {
			isa = XCSwiftPackageProductDependency;
			package = 2D9D13282AB0D85400B85540 /* XCRemoteSwiftPackageReference "firebase-ios-sdk" */;
			productName = FirebaseFunctions;
		};
		2D9D13492AB0D85400B85540 /* FirebaseFunctionsCombine-Community */ = {
			isa = XCSwiftPackageProductDependency;
			package = 2D9D13282AB0D85400B85540 /* XCRemoteSwiftPackageReference "firebase-ios-sdk" */;
			productName = "FirebaseFunctionsCombine-Community";
		};
		2D9D134B2AB0D85400B85540 /* FirebaseInAppMessaging-Beta */ = {
			isa = XCSwiftPackageProductDependency;
			package = 2D9D13282AB0D85400B85540 /* XCRemoteSwiftPackageReference "firebase-ios-sdk" */;
			productName = "FirebaseInAppMessaging-Beta";
		};
		2D9D134D2AB0D85400B85540 /* FirebaseInAppMessagingSwift-Beta */ = {
			isa = XCSwiftPackageProductDependency;
			package = 2D9D13282AB0D85400B85540 /* XCRemoteSwiftPackageReference "firebase-ios-sdk" */;
			productName = "FirebaseInAppMessagingSwift-Beta";
		};
		2D9D134F2AB0D85400B85540 /* FirebaseInstallations */ = {
			isa = XCSwiftPackageProductDependency;
			package = 2D9D13282AB0D85400B85540 /* XCRemoteSwiftPackageReference "firebase-ios-sdk" */;
			productName = FirebaseInstallations;
		};
		2D9D13512AB0D85400B85540 /* FirebaseMLModelDownloader */ = {
			isa = XCSwiftPackageProductDependency;
			package = 2D9D13282AB0D85400B85540 /* XCRemoteSwiftPackageReference "firebase-ios-sdk" */;
			productName = FirebaseMLModelDownloader;
		};
		2D9D13532AB0D85400B85540 /* FirebaseMessaging */ = {
			isa = XCSwiftPackageProductDependency;
			package = 2D9D13282AB0D85400B85540 /* XCRemoteSwiftPackageReference "firebase-ios-sdk" */;
			productName = FirebaseMessaging;
		};
		2D9D13552AB0D85400B85540 /* FirebasePerformance */ = {
			isa = XCSwiftPackageProductDependency;
			package = 2D9D13282AB0D85400B85540 /* XCRemoteSwiftPackageReference "firebase-ios-sdk" */;
			productName = FirebasePerformance;
		};
		2D9D13572AB0D85400B85540 /* FirebaseRemoteConfig */ = {
			isa = XCSwiftPackageProductDependency;
			package = 2D9D13282AB0D85400B85540 /* XCRemoteSwiftPackageReference "firebase-ios-sdk" */;
			productName = FirebaseRemoteConfig;
		};
		2D9D13592AB0D85400B85540 /* FirebaseRemoteConfigSwift */ = {
			isa = XCSwiftPackageProductDependency;
			package = 2D9D13282AB0D85400B85540 /* XCRemoteSwiftPackageReference "firebase-ios-sdk" */;
			productName = FirebaseRemoteConfigSwift;
		};
		2D9D135B2AB0D85400B85540 /* FirebaseStorage */ = {
			isa = XCSwiftPackageProductDependency;
			package = 2D9D13282AB0D85400B85540 /* XCRemoteSwiftPackageReference "firebase-ios-sdk" */;
			productName = FirebaseStorage;
		};
		2D9D135D2AB0D85400B85540 /* FirebaseStorageCombine-Community */ = {
			isa = XCSwiftPackageProductDependency;
			package = 2D9D13282AB0D85400B85540 /* XCRemoteSwiftPackageReference "firebase-ios-sdk" */;
			productName = "FirebaseStorageCombine-Community";
		};
		2DA2539B2AC26A3D0069360D /* GoogleSignIn */ = {
			isa = XCSwiftPackageProductDependency;
			package = 2DA2539A2AC26A3D0069360D /* XCRemoteSwiftPackageReference "GoogleSignIn-iOS" */;
			productName = GoogleSignIn;
		};
		2DA2539D2AC26A3D0069360D /* GoogleSignInSwift */ = {
			isa = XCSwiftPackageProductDependency;
			package = 2DA2539A2AC26A3D0069360D /* XCRemoteSwiftPackageReference "GoogleSignIn-iOS" */;
			productName = GoogleSignInSwift;
		};
/* End XCSwiftPackageProductDependency section */
	};
	rootObject = 2DA4387A2AAC085E0060A725 /* Project object */;
}
